
Microsoft Visual Studio Solution File, Format Version 12.00
# Visual Studio Version 17
VisualStudioVersion = 17.5.33516.290
MinimumVisualStudioVersion = 10.0.40219.1
Project("{FAE04EC0-301F-11D3-BF4B-00C04F79EFBC}") = "HW_ScrollBars_n_Indicators", "HW_ScrollBars_n_Indicators\HW_ScrollBars_n_Indicators.csproj", "{4E4B31CD-28A1-4012-830B-6B1BAFCFA328}"
EndProject
Global
	GlobalSection(SolutionConfigurationPlatforms) = preSolution
		Debug|Any CPU = Debug|Any CPU
		Release|Any CPU = Release|Any CPU
	EndGlobalSection
	GlobalSection(ProjectConfigurationPlatforms) = postSolution
		{4E4B31CD-28A1-4012-830B-6B1BAFCFA328}.Debug|Any CPU.ActiveCfg = Debug|Any CPU
		{4E4B31CD-28A1-4012-830B-6B1BAFCFA328}.Debug|Any CPU.Build.0 = Debug|Any CPU
		{4E4B31CD-28A1-4012-830B-6B1BAFCFA328}.Release|Any CPU.ActiveCfg = Release|Any CPU
		{4E4B31CD-28A1-4012-830B-6B1BAFCFA328}.Release|Any CPU.Build.0 = Release|Any CPU
	EndGlobalSection
	GlobalSection(SolutionProperties) = preSolution
		HideSolutionNode = FALSE
	EndGlobalSection
	GlobalSection(ExtensibilityGlobals) = postSolution
		SolutionGuid = {600C4461-4F6A-4623-A121-38316DB4E0DD}
	EndGlobalSection
EndGlobal
